
Microsoft Visual Studio Solution File, Format Version 12.00
# Visual Studio Version 17
VisualStudioVersion = 17.11.35303.130
MinimumVisualStudioVersion = 10.0.40219.1
Project("{9A19103F-16F7-4668-BE54-9A1E7A4F7556}") = "se-24.frontend", "se-24.frontend\se-24.frontend.csproj", "{64E1C0F3-BBD9-4F3C-942A-CB4B5D4C1CE5}"
EndProject
Project("{9A19103F-16F7-4668-BE54-9A1E7A4F7556}") = "se-24.backend", "se-24.backend\se-24.backend.csproj", "{1AA00410-BEDA-453C-B564-D34D27A6DEB7}"
EndProject
Project("{FAE04EC0-301F-11D3-BF4B-00C04F79EFBC}") = "se-24.shared", "se-24.shared\se-24.shared.csproj", "{A7445F5B-85B6-4D8E-857C-B071995EA65A}"
EndProject
Global
	GlobalSection(SolutionConfigurationPlatforms) = preSolution
		Debug|Any CPU = Debug|Any CPU
		Release|Any CPU = Release|Any CPU
	EndGlobalSection
	GlobalSection(ProjectConfigurationPlatforms) = postSolution
		{64E1C0F3-BBD9-4F3C-942A-CB4B5D4C1CE5}.Debug|Any CPU.ActiveCfg = Debug|Any CPU
		{64E1C0F3-BBD9-4F3C-942A-CB4B5D4C1CE5}.Debug|Any CPU.Build.0 = Debug|Any CPU
		{64E1C0F3-BBD9-4F3C-942A-CB4B5D4C1CE5}.Release|Any CPU.ActiveCfg = Release|Any CPU
		{64E1C0F3-BBD9-4F3C-942A-CB4B5D4C1CE5}.Release|Any CPU.Build.0 = Release|Any CPU
		{1AA00410-BEDA-453C-B564-D34D27A6DEB7}.Debug|Any CPU.ActiveCfg = Debug|Any CPU
		{1AA00410-BEDA-453C-B564-D34D27A6DEB7}.Debug|Any CPU.Build.0 = Debug|Any CPU
		{1AA00410-BEDA-453C-B564-D34D27A6DEB7}.Release|Any CPU.ActiveCfg = Release|Any CPU
		{1AA00410-BEDA-453C-B564-D34D27A6DEB7}.Release|Any CPU.Build.0 = Release|Any CPU
		{A7445F5B-85B6-4D8E-857C-B071995EA65A}.Debug|Any CPU.ActiveCfg = Debug|Any CPU
		{A7445F5B-85B6-4D8E-857C-B071995EA65A}.Debug|Any CPU.Build.0 = Debug|Any CPU
		{A7445F5B-85B6-4D8E-857C-B071995EA65A}.Release|Any CPU.ActiveCfg = Release|Any CPU
		{A7445F5B-85B6-4D8E-857C-B071995EA65A}.Release|Any CPU.Build.0 = Release|Any CPU
	EndGlobalSection
	GlobalSection(SolutionProperties) = preSolution
		HideSolutionNode = FALSE
	EndGlobalSection
	GlobalSection(ExtensibilityGlobals) = postSolution
		SolutionGuid = {13E39224-8897-418D-899C-113AD65BCC5A}
	EndGlobalSection
EndGlobal
